
Microsoft Visual Studio Solution File, Format Version 12.00
# Visual Studio Version 17
VisualStudioVersion = 17.4.33403.182
MinimumVisualStudioVersion = 10.0.40219.1
Project("{FAE04EC0-301F-11D3-BF4B-00C04F79EFBC}") = "PrimeNumber1", "PrimeNumber1.csproj", "{0DA515CA-6A43-4422-BE3F-F5C8675BDCA5}"
EndProject
Global
	GlobalSection(SolutionConfigurationPlatforms) = preSolution
		Debug|Any CPU = Debug|Any CPU
		Release|Any CPU = Release|Any CPU
	EndGlobalSection
	GlobalSection(ProjectConfigurationPlatforms) = postSolution
		{0DA515CA-6A43-4422-BE3F-F5C8675BDCA5}.Debug|Any CPU.ActiveCfg = Debug|Any CPU
		{0DA515CA-6A43-4422-BE3F-F5C8675BDCA5}.Debug|Any CPU.Build.0 = Debug|Any CPU
		{0DA515CA-6A43-4422-BE3F-F5C8675BDCA5}.Release|Any CPU.ActiveCfg = Release|Any CPU
		{0DA515CA-6A43-4422-BE3F-F5C8675BDCA5}.Release|Any CPU.Build.0 = Release|Any CPU
	EndGlobalSection
	GlobalSection(SolutionProperties) = preSolution
		HideSolutionNode = FALSE
	EndGlobalSection
	GlobalSection(ExtensibilityGlobals) = postSolution
		SolutionGuid = {B3A75A94-3F69-4450-AA4B-5DADF7FF8804}
	EndGlobalSection
EndGlobal
